
Microsoft Visual Studio Solution File, Format Version 12.00
# Visual Studio 2012
Project("{FAE04EC0-301F-11D3-BF4B-00C04F79EFBC}") = "GridViewEx", "GridViewEx\GridViewEx.csproj", "{90F73FA5-A0BE-4361-BC9B-7B8D929F2045}"
EndProject
Global
	GlobalSection(SolutionConfigurationPlatforms) = preSolution
		Debug|Any CPU = Debug|Any CPU
		Release|Any CPU = Release|Any CPU
	EndGlobalSection
	GlobalSection(ProjectConfigurationPlatforms) = postSolution
		{90F73FA5-A0BE-4361-BC9B-7B8D929F2045}.Debug|Any CPU.ActiveCfg = Debug|Any CPU
		{90F73FA5-A0BE-4361-BC9B-7B8D929F2045}.Debug|Any CPU.Build.0 = Debug|Any CPU
		{90F73FA5-A0BE-4361-BC9B-7B8D929F2045}.Release|Any CPU.ActiveCfg = Release|Any CPU
		{90F73FA5-A0BE-4361-BC9B-7B8D929F2045}.Release|Any CPU.Build.0 = Release|Any CPU
	EndGlobalSection
	GlobalSection(SolutionProperties) = preSolution
		HideSolutionNode = FALSE
	EndGlobalSection
EndGlobal
